
Microsoft Visual Studio Solution File, Format Version 12.00
# Visual Studio Version 17
VisualStudioVersion = 17.8.34525.116
MinimumVisualStudioVersion = 10.0.40219.1
Project("{8BC9CEB8-8B4A-11D0-8D11-00A0C91BC942}") = "Lab11", "Lab11\Lab11.vcxproj", "{07A49508-7E09-4BD9-B584-12B9DAA05879}"
EndProject
Global
	GlobalSection(SolutionConfigurationPlatforms) = preSolution
		Debug|x64 = Debug|x64
		Debug|x86 = Debug|x86
		Release|x64 = Release|x64
		Release|x86 = Release|x86
	EndGlobalSection
	GlobalSection(ProjectConfigurationPlatforms) = postSolution
		{07A49508-7E09-4BD9-B584-12B9DAA05879}.Debug|x64.ActiveCfg = Debug|x64
		{07A49508-7E09-4BD9-B584-12B9DAA05879}.Debug|x64.Build.0 = Debug|x64
		{07A49508-7E09-4BD9-B584-12B9DAA05879}.Debug|x86.ActiveCfg = Debug|Win32
		{07A49508-7E09-4BD9-B584-12B9DAA05879}.Debug|x86.Build.0 = Debug|Win32
		{07A49508-7E09-4BD9-B584-12B9DAA05879}.Release|x64.ActiveCfg = Release|x64
		{07A49508-7E09-4BD9-B584-12B9DAA05879}.Release|x64.Build.0 = Release|x64
		{07A49508-7E09-4BD9-B584-12B9DAA05879}.Release|x86.ActiveCfg = Release|Win32
		{07A49508-7E09-4BD9-B584-12B9DAA05879}.Release|x86.Build.0 = Release|Win32
	EndGlobalSection
	GlobalSection(SolutionProperties) = preSolution
		HideSolutionNode = FALSE
	EndGlobalSection
	GlobalSection(ExtensibilityGlobals) = postSolution
		SolutionGuid = {EDB925D4-7539-4943-A58D-45D9B6DB1BAD}
	EndGlobalSection
EndGlobal
